
Microsoft Visual Studio Solution File, Format Version 12.00
# Visual Studio Version 16
VisualStudioVersion = 16.0.29613.14
MinimumVisualStudioVersion = 10.0.40219.1
Project("{9A19103F-16F7-4668-BE54-9A1E7A4F7556}") = "ShortUrl.API", "ShortUrl.API\ShortUrl.API.csproj", "{194E8D5F-8086-4CCD-AC7E-C442A3F375D9}"
EndProject
Project("{9A19103F-16F7-4668-BE54-9A1E7A4F7556}") = "ShortUrl.Business", "ShortUrl.Business\ShortUrl.Business.csproj", "{011C95E9-5F2B-47E5-A4A7-513460DA7449}"
EndProject
Project("{9A19103F-16F7-4668-BE54-9A1E7A4F7556}") = "ShortUrl.Data", "ShortUrl.Data\ShortUrl.Data.csproj", "{03B54AFE-5932-4153-A6C6-30B0BAA00A05}"
EndProject
Project("{9A19103F-16F7-4668-BE54-9A1E7A4F7556}") = "ShortUrl.Test", "ShortUrl.Test\ShortUrl.Test.csproj", "{D86B77CE-7E66-4267-B6A3-D5AA3A503F65}"
EndProject
Global
	GlobalSection(SolutionConfigurationPlatforms) = preSolution
		Debug|Any CPU = Debug|Any CPU
		Release|Any CPU = Release|Any CPU
	EndGlobalSection
	GlobalSection(ProjectConfigurationPlatforms) = postSolution
		{194E8D5F-8086-4CCD-AC7E-C442A3F375D9}.Debug|Any CPU.ActiveCfg = Debug|Any CPU
		{194E8D5F-8086-4CCD-AC7E-C442A3F375D9}.Debug|Any CPU.Build.0 = Debug|Any CPU
		{194E8D5F-8086-4CCD-AC7E-C442A3F375D9}.Release|Any CPU.ActiveCfg = Release|Any CPU
		{194E8D5F-8086-4CCD-AC7E-C442A3F375D9}.Release|Any CPU.Build.0 = Release|Any CPU
		{011C95E9-5F2B-47E5-A4A7-513460DA7449}.Debug|Any CPU.ActiveCfg = Debug|Any CPU
		{011C95E9-5F2B-47E5-A4A7-513460DA7449}.Debug|Any CPU.Build.0 = Debug|Any CPU
		{011C95E9-5F2B-47E5-A4A7-513460DA7449}.Release|Any CPU.ActiveCfg = Release|Any CPU
		{011C95E9-5F2B-47E5-A4A7-513460DA7449}.Release|Any CPU.Build.0 = Release|Any CPU
		{03B54AFE-5932-4153-A6C6-30B0BAA00A05}.Debug|Any CPU.ActiveCfg = Debug|Any CPU
		{03B54AFE-5932-4153-A6C6-30B0BAA00A05}.Debug|Any CPU.Build.0 = Debug|Any CPU
		{03B54AFE-5932-4153-A6C6-30B0BAA00A05}.Release|Any CPU.ActiveCfg = Release|Any CPU
		{03B54AFE-5932-4153-A6C6-30B0BAA00A05}.Release|Any CPU.Build.0 = Release|Any CPU
		{D86B77CE-7E66-4267-B6A3-D5AA3A503F65}.Debug|Any CPU.ActiveCfg = Debug|Any CPU
		{D86B77CE-7E66-4267-B6A3-D5AA3A503F65}.Debug|Any CPU.Build.0 = Debug|Any CPU
		{D86B77CE-7E66-4267-B6A3-D5AA3A503F65}.Release|Any CPU.ActiveCfg = Release|Any CPU
		{D86B77CE-7E66-4267-B6A3-D5AA3A503F65}.Release|Any CPU.Build.0 = Release|Any CPU
	EndGlobalSection
	GlobalSection(SolutionProperties) = preSolution
		HideSolutionNode = FALSE
	EndGlobalSection
	GlobalSection(ExtensibilityGlobals) = postSolution
		SolutionGuid = {F05567FE-44B6-40F1-86A0-41A6BB9F1DD6}
	EndGlobalSection
EndGlobal
